
Microsoft Visual Studio Solution File, Format Version 12.00
# Visual Studio Version 17
VisualStudioVersion = 17.13.35931.197 d17.13
MinimumVisualStudioVersion = 10.0.40219.1
Project("{8BC9CEB8-8B4A-11D0-8D11-00A0C91BC942}") = "3LetterPassword", "3LetterPassword\3LetterPassword.vcxproj", "{44AEAB9F-C651-4F61-8178-FFD7EF1D65A9}"
EndProject
Global
	GlobalSection(SolutionConfigurationPlatforms) = preSolution
		Debug|x64 = Debug|x64
		Debug|x86 = Debug|x86
		Release|x64 = Release|x64
		Release|x86 = Release|x86
	EndGlobalSection
	GlobalSection(ProjectConfigurationPlatforms) = postSolution
		{44AEAB9F-C651-4F61-8178-FFD7EF1D65A9}.Debug|x64.ActiveCfg = Debug|x64
		{44AEAB9F-C651-4F61-8178-FFD7EF1D65A9}.Debug|x64.Build.0 = Debug|x64
		{44AEAB9F-C651-4F61-8178-FFD7EF1D65A9}.Debug|x86.ActiveCfg = Debug|Win32
		{44AEAB9F-C651-4F61-8178-FFD7EF1D65A9}.Debug|x86.Build.0 = Debug|Win32
		{44AEAB9F-C651-4F61-8178-FFD7EF1D65A9}.Release|x64.ActiveCfg = Release|x64
		{44AEAB9F-C651-4F61-8178-FFD7EF1D65A9}.Release|x64.Build.0 = Release|x64
		{44AEAB9F-C651-4F61-8178-FFD7EF1D65A9}.Release|x86.ActiveCfg = Release|Win32
		{44AEAB9F-C651-4F61-8178-FFD7EF1D65A9}.Release|x86.Build.0 = Release|Win32
	EndGlobalSection
	GlobalSection(SolutionProperties) = preSolution
		HideSolutionNode = FALSE
	EndGlobalSection
	GlobalSection(ExtensibilityGlobals) = postSolution
		SolutionGuid = {95EE1BBF-81E3-4453-9801-19ABB72EED71}
	EndGlobalSection
EndGlobal
